[root]
name = "lumber-jack"
version = "0.0.1"
dependencies = [
 "blas-sys 0.6.9 (registry+https://github.com/rust-lang/crates.io-index)",
 "csv 1.0.0-beta.5 (registry+https://github.com/rust-lang/crates.io-index)",
 "ndarray 0.10.11 (registry+https://github.com/rust-lang/crates.io-index)",
]

[[package]]
name = "blas-sys"
version = "0.6.9"
source = "registry+https://github.com/rust-lang/crates.io-index"
dependencies = [
 "libc 0.2.32 (registry+https://github.com/rust-lang/crates.io-index)",
 "openblas-src 0.5.4 (registry+https://github.com/rust-lang/crates.io-index)",
]

[[package]]
name = "csv"
version = "1.0.0-beta.5"
source = "registry+https://github.com/rust-lang/crates.io-index"
dependencies = [
 "csv-core 0.1.3 (registry+https://github.com/rust-lang/crates.io-index)",
 "serde 1.0.15 (registry+https://github.com/rust-lang/crates.io-index)",
]

[[package]]
name = "csv-core"
version = "0.1.3"
source = "registry+https://github.com/rust-lang/crates.io-index"
dependencies = [
 "memchr 1.0.1 (registry+https://github.com/rust-lang/crates.io-index)",
]

[[package]]
name = "either"
version = "1.2.0"
source = "registry+https://github.com/rust-lang/crates.io-index"

[[package]]
name = "itertools"
version = "0.7.1"
source = "registry+https://github.com/rust-lang/crates.io-index"
dependencies = [
 "either 1.2.0 (registry+https://github.com/rust-lang/crates.io-index)",
]

[[package]]
name = "libc"
version = "0.2.32"
source = "registry+https://github.com/rust-lang/crates.io-index"

[[package]]
name = "matrixmultiply"
version = "0.1.13"
source = "registry+https://github.com/rust-lang/crates.io-index"
dependencies = [
 "rawpointer 0.1.0 (registry+https://github.com/rust-lang/crates.io-index)",
]

[[package]]
name = "memchr"
version = "1.0.1"
source = "registry+https://github.com/rust-lang/crates.io-index"
dependencies = [
 "libc 0.2.32 (registry+https://github.com/rust-lang/crates.io-index)",
]

[[package]]
name = "ndarray"
version = "0.10.11"
source = "registry+https://github.com/rust-lang/crates.io-index"
dependencies = [
 "blas-sys 0.6.9 (registry+https://github.com/rust-lang/crates.io-index)",
 "itertools 0.7.1 (registry+https://github.com/rust-lang/crates.io-index)",
 "matrixmultiply 0.1.13 (registry+https://github.com/rust-lang/crates.io-index)",
 "num-complex 0.1.40 (registry+https://github.com/rust-lang/crates.io-index)",
 "num-traits 0.1.40 (registry+https://github.com/rust-lang/crates.io-index)",
]

[[package]]
name = "num-complex"
version = "0.1.40"
source = "registry+https://github.com/rust-lang/crates.io-index"
dependencies = [
 "num-traits 0.1.40 (registry+https://github.com/rust-lang/crates.io-index)",
]

[[package]]
name = "num-traits"
version = "0.1.40"
source = "registry+https://github.com/rust-lang/crates.io-index"

[[package]]
name = "openblas-src"
version = "0.5.4"
source = "registry+https://github.com/rust-lang/crates.io-index"

[[package]]
name = "rawpointer"
version = "0.1.0"
source = "registry+https://github.com/rust-lang/crates.io-index"

[[package]]
name = "serde"
version = "1.0.15"
source = "registry+https://github.com/rust-lang/crates.io-index"

[metadata]
"checksum blas-sys 0.6.9 (registry+https://github.com/rust-lang/crates.io-index)" = "d8f9828026cdd2441c52d1299842da7baff09d325a98f6e97df527ad8f29a095"
"checksum csv 1.0.0-beta.5 (registry+https://github.com/rust-lang/crates.io-index)" = "e7a9e063dcebdb56c306f23e672bfd31df3da8ec5f6d696b35f2c29c2a9572f0"
"checksum csv-core 0.1.3 (registry+https://github.com/rust-lang/crates.io-index)" = "ae1fbabf21d9a52d04675cc5b032d7bae24ecdcd22646f7eefcd0496a122686c"
"checksum either 1.2.0 (registry+https://github.com/rust-lang/crates.io-index)" = "cbee135e9245416869bf52bd6ccc9b59e2482651510784e089b874272f02a252"
"checksum itertools 0.7.1 (registry+https://github.com/rust-lang/crates.io-index)" = "7cc0332eecf9269cc5e084ec9993e4d087776733cfb286cd77514030fee2716c"
"checksum libc 0.2.32 (registry+https://github.com/rust-lang/crates.io-index)" = "56cce3130fd040c28df6f495c8492e5ec5808fb4c9093c310df02b0c8f030148"
"checksum matrixmultiply 0.1.13 (registry+https://github.com/rust-lang/crates.io-index)" = "7ce012d2c43046267a74283eaa7e9a51941479901e2b86702be10f27e2779158"
"checksum memchr 1.0.1 (registry+https://github.com/rust-lang/crates.io-index)" = "1dbccc0e46f1ea47b9f17e6d67c5a96bd27030519c519c9c91327e31275a47b4"
"checksum ndarray 0.10.11 (registry+https://github.com/rust-lang/crates.io-index)" = "61f6cb6e2d51afc73d17e19ca3e711b6bd0221773867dbd6453698612d7af95f"
"checksum num-complex 0.1.40 (registry+https://github.com/rust-lang/crates.io-index)" = "503e668405c5492d67cf662a81e05be40efe2e6bcf10f7794a07bd9865e704e6"
"checksum num-traits 0.1.40 (registry+https://github.com/rust-lang/crates.io-index)" = "99843c856d68d8b4313b03a17e33c4bb42ae8f6610ea81b28abe076ac721b9b0"
"checksum openblas-src 0.5.4 (registry+https://github.com/rust-lang/crates.io-index)" = "409b425320a6b63c6a0b9fa69bedf27c18038046c2e1df3b3f382b89fd68323e"
"checksum rawpointer 0.1.0 (registry+https://github.com/rust-lang/crates.io-index)" = "ebac11a9d2e11f2af219b8b8d833b76b1ea0e054aa0e8d8e9e4cbde353bdf019"
"checksum serde 1.0.15 (registry+https://github.com/rust-lang/crates.io-index)" = "6a7046c9d4c6c522d10b2d098f9bebe2bef227e0e74044d8c1bfcf6b476af799"
